
Microsoft Visual Studio Solution File, Format Version 12.00
# Visual Studio Version 17
VisualStudioVersion = 17.3.32811.315
MinimumVisualStudioVersion = 10.0.40219.1
Project("{FAE04EC0-301F-11D3-BF4B-00C04F79EFBC}") = "Responsabilidad Unica", "Responsabilidad Unica\Responsabilidad Unica.csproj", "{4E45E139-9D44-4ADA-B7BA-75AEB9BEA8F2}"
EndProject
Project("{FAE04EC0-301F-11D3-BF4B-00C04F79EFBC}") = "Abierto y Cerrado", "Abierto y Cerrado\Abierto y Cerrado.csproj", "{7217327A-C0C7-46D7-BE3D-880EA6C77BAC}"
EndProject
Project("{FAE04EC0-301F-11D3-BF4B-00C04F79EFBC}") = "Sustitucion de Liskov", "Sustitucion de Liskov\Sustitucion de Liskov.csproj", "{D040165A-8297-46F8-AC3A-6094E90E40B2}"
EndProject
Project("{FAE04EC0-301F-11D3-BF4B-00C04F79EFBC}") = "Segregacion de Interfaces", "Segregacion de Interfaces\Segregacion de Interfaces.csproj", "{CDE845F3-6340-44B9-B339-2765091A3872}"
EndProject
Project("{FAE04EC0-301F-11D3-BF4B-00C04F79EFBC}") = "Inversion de Dependencias", "Inversion de Dependencias\Inversion de Dependencias.csproj", "{3526C5DB-32C0-4C85-BC4F-72260E6F20C1}"
EndProject
Global
	GlobalSection(SolutionConfigurationPlatforms) = preSolution
		Debug|Any CPU = Debug|Any CPU
		Release|Any CPU = Release|Any CPU
	EndGlobalSection
	GlobalSection(ProjectConfigurationPlatforms) = postSolution
		{4E45E139-9D44-4ADA-B7BA-75AEB9BEA8F2}.Debug|Any CPU.ActiveCfg = Debug|Any CPU
		{4E45E139-9D44-4ADA-B7BA-75AEB9BEA8F2}.Debug|Any CPU.Build.0 = Debug|Any CPU
		{4E45E139-9D44-4ADA-B7BA-75AEB9BEA8F2}.Release|Any CPU.ActiveCfg = Release|Any CPU
		{4E45E139-9D44-4ADA-B7BA-75AEB9BEA8F2}.Release|Any CPU.Build.0 = Release|Any CPU
		{7217327A-C0C7-46D7-BE3D-880EA6C77BAC}.Debug|Any CPU.ActiveCfg = Debug|Any CPU
		{7217327A-C0C7-46D7-BE3D-880EA6C77BAC}.Debug|Any CPU.Build.0 = Debug|Any CPU
		{7217327A-C0C7-46D7-BE3D-880EA6C77BAC}.Release|Any CPU.ActiveCfg = Release|Any CPU
		{7217327A-C0C7-46D7-BE3D-880EA6C77BAC}.Release|Any CPU.Build.0 = Release|Any CPU
		{D040165A-8297-46F8-AC3A-6094E90E40B2}.Debug|Any CPU.ActiveCfg = Debug|Any CPU
		{D040165A-8297-46F8-AC3A-6094E90E40B2}.Debug|Any CPU.Build.0 = Debug|Any CPU
		{D040165A-8297-46F8-AC3A-6094E90E40B2}.Release|Any CPU.ActiveCfg = Release|Any CPU
		{D040165A-8297-46F8-AC3A-6094E90E40B2}.Release|Any CPU.Build.0 = Release|Any CPU
		{CDE845F3-6340-44B9-B339-2765091A3872}.Debug|Any CPU.ActiveCfg = Debug|Any CPU
		{CDE845F3-6340-44B9-B339-2765091A3872}.Debug|Any CPU.Build.0 = Debug|Any CPU
		{CDE845F3-6340-44B9-B339-2765091A3872}.Release|Any CPU.ActiveCfg = Release|Any CPU
		{CDE845F3-6340-44B9-B339-2765091A3872}.Release|Any CPU.Build.0 = Release|Any CPU
		{3526C5DB-32C0-4C85-BC4F-72260E6F20C1}.Debug|Any CPU.ActiveCfg = Debug|Any CPU
		{3526C5DB-32C0-4C85-BC4F-72260E6F20C1}.Debug|Any CPU.Build.0 = Debug|Any CPU
		{3526C5DB-32C0-4C85-BC4F-72260E6F20C1}.Release|Any CPU.ActiveCfg = Release|Any CPU
		{3526C5DB-32C0-4C85-BC4F-72260E6F20C1}.Release|Any CPU.Build.0 = Release|Any CPU
	EndGlobalSection
	GlobalSection(SolutionProperties) = preSolution
		HideSolutionNode = FALSE
	EndGlobalSection
	GlobalSection(ExtensibilityGlobals) = postSolution
		SolutionGuid = {4B344E6E-8060-4ADB-901D-DEEE25F95D4F}
	EndGlobalSection
EndGlobal
